
Microsoft Visual Studio Solution File, Format Version 12.00
# Visual Studio Version 16
VisualStudioVersion = 16.0.29020.237
MinimumVisualStudioVersion = 10.0.40219.1
Project("{FAE04EC0-301F-11D3-BF4B-00C04F79EFBC}") = "LinkedList", "LinkedList\LinkedList.csproj", "{2CD6DE07-D810-4628-AE8D-039C8D2B1022}"
EndProject
Global
	GlobalSection(SolutionConfigurationPlatforms) = preSolution
		Debug|Any CPU = Debug|Any CPU
		Release|Any CPU = Release|Any CPU
	EndGlobalSection
	GlobalSection(ProjectConfigurationPlatforms) = postSolution
		{2CD6DE07-D810-4628-AE8D-039C8D2B1022}.Debug|Any CPU.ActiveCfg = Debug|Any CPU
		{2CD6DE07-D810-4628-AE8D-039C8D2B1022}.Debug|Any CPU.Build.0 = Debug|Any CPU
		{2CD6DE07-D810-4628-AE8D-039C8D2B1022}.Release|Any CPU.ActiveCfg = Release|Any CPU
		{2CD6DE07-D810-4628-AE8D-039C8D2B1022}.Release|Any CPU.Build.0 = Release|Any CPU
	EndGlobalSection
	GlobalSection(SolutionProperties) = preSolution
		HideSolutionNode = FALSE
	EndGlobalSection
	GlobalSection(ExtensibilityGlobals) = postSolution
		SolutionGuid = {3C36F1A1-0CC4-49B5-8BF7-FC8334AED4BF}
	EndGlobalSection
EndGlobal
